{
  "name": "5.8",
  "lockfileVersion": 3,
  "requires": true,
  "packages": {
    "": {
      "dependencies": {
        "types-registry": "^0.1.743"
      }
    },
    "node_modules/types-registry": {
      "version": "0.1.743",
      "resolved": "https://registry.npmjs.org/types-registry/-/types-registry-0.1.743.tgz",
      "integrity": "sha512-L4cT4xM+qe6AMNR5MXwv3NvIYKmfcN7Q5weIjJU3mQv5s+SdvRoeD5RdUZH+vmE4IbmJeue7F2ojRcd1wyE3+g==",
      "license": "MIT"
    }
  }
}
